// !$*UTF8*$!
{
	archiveVersion = 1;
	classes = {
	};
	objectVersion = 46;
	objects = {

/* Begin PBXBuildFile section */
		68F1BB431B046EE900CDD0D2 /* main.m in Sources */ = {isa = PBXBuildFile; fileRef = 68F1BB421B046EE900CDD0D2 /* main.m */; };
		68F1BB461B046EE900CDD0D2 /* AppDelegate.m in Sources */ = {isa = PBXBuildFile; fileRef = 68F1BB451B046EE900CDD0D2 /* AppDelegate.m */; };
		68F1BB481B046EE900CDD0D2 /* Images.xcassets in Resources */ = {isa = PBXBuildFile; fileRef = 68F1BB471B046EE900CDD0D2 /* Images.xcassets */; };
		68F1BB4B1B046EE900CDD0D2 /* LaunchScreen.xib in Resources */ = {isa = PBXBuildFile; fileRef = 68F1BB491B046EE900CDD0D2 /* LaunchScreen.xib */; };
		68F1BB571B046EE900CDD0D2 /* UserDefaultUtilityTests.m in Sources */ = {isa = PBXBuildFile; fileRef = 68F1BB561B046EE900CDD0D2 /* UserDefaultUtilityTests.m */; };
/* End PBXBuildFile section */

/* Begin PBXContainerItemProxy section */
		68F1BB511B046EE900CDD0D2 /* PBXContainerItemProxy */ = {
			isa = PBXContainerItemProxy;
			containerPortal = 68F1BB351B046EE900CDD0D2 /* Project object */;
			proxyType = 1;
			remoteGlobalIDString = 68F1BB3C1B046EE900CDD0D2;
			remoteInfo = UserDefaultUtility;
		};
/* End PBXContainerItemProxy section */

/* Begin PBXFileReference section */
		68F1BB3D1B046EE900CDD0D2 /* UserDefaultUtility.app */ = {isa = PBXFileReference; explicitFileType = wrapper.application; includeInIndex = 0; path = UserDefaultUtility.app; sourceTree = BUILT_PRODUCTS_DIR; };
		68F1BB411B046EE900CDD0D2 /* Info.plist */ = {isa = PBXFileReference; lastKnownFileType = text.plist.xml; path = Info.plist; sourceTree = "<group>"; };
		68F1BB421B046EE900CDD0D2 /* main.m */ = {isa = PBXFileReference; lastKnownFileType = sourcecode.c.objc; path = main.m; sourceTree = "<group>"; };
		68F1BB441B046EE900CDD0D2 /* AppDelegate.h */ = {isa = PBXFileReference; lastKnownFileType = sourcecode.c.h; path = AppDelegate.h; sourceTree = "<group>"; };
		68F1BB451B046EE900CDD0D2 /* AppDelegate.m */ = {isa = PBXFileReference; lastKnownFileType = sourcecode.c.objc; path = AppDelegate.m; sourceTree = "<group>"; };
		68F1BB471B046EE900CDD0D2 /* Images.xcassets */ = {isa = PBXFileReference; lastKnownFileType = folder.assetcatalog; path = Images.xcassets; sourceTree = "<group>"; };
		68F1BB4A1B046EE900CDD0D2 /* Base */ = {isa = PBXFileReference; lastKnownFileType = file.xib; name = Base; path = Base.lproj/LaunchScreen.xib; sourceTree = "<group>"; };
		68F1BB501B046EE900CDD0D2 /* UserDefaultUtilityTests.xctest */ = {isa = PBXFileReference; explicitFileType = wrapper.cfbundle; includeInIndex = 0; path = UserDefaultUtilityTests.xctest; sourceTree = BUILT_PRODUCTS_DIR; };
		68F1BB551B046EE900CDD0D2 /* Info.plist */ = {isa = PBXFileReference; lastKnownFileType = text.plist.xml; path = Info.plist; sourceTree = "<group>"; };
		68F1BB561B046EE900CDD0D2 /* UserDefaultUtilityTests.m */ = {isa = PBXFileReference; lastKnownFileType = sourcecode.c.objc; path = UserDefaultUtilityTests.m; sourceTree = "<group>"; };
/* End PBXFileReference section */

/* Begin PBXFrameworksBuildPhase section */
		68F1BB3A1B046EE900CDD0D2 /* Frameworks */ = {
			isa = PBXFrameworksBuildPhase;
			buildActionMask = 2147483647;
			files = (
			);
			runOnlyForDeploymentPostprocessing = 0;
		};
		68F1BB4D1B046EE900CDD0D2 /* Frameworks */ = {
			isa = PBXFrameworksBuildPhase;
			buildActionMask = 2147483647;
			files = (
			);
			runOnlyForDeploymentPostprocessing = 0;
		};
/* End PBXFrameworksBuildPhase section */

/* Begin PBXGroup section */
		68F1BB341B046EE900CDD0D2 = {
			isa = PBXGroup;
			children = (
				68F1BB3F1B046EE900CDD0D2 /* UserDefaultUtility */,
				68F1BB531B046EE900CDD0D2 /* UserDefaultUtilityTests */,
				68F1BB3E1B046EE900CDD0D2 /* Products */,
			);
			sourceTree = "<group>";
		};
		68F1BB3E1B046EE900CDD0D2 /* Products */ = {
			isa = PBXGroup;
			children = (
				68F1BB3D1B046EE900CDD0D2 /* UserDefaultUtility.app */,
				68F1BB501B046EE900CDD0D2 /* UserDefaultUtilityTests.xctest */,
			);
			name = Products;
			sourceTree = "<group>";
		};
		68F1BB3F1B046EE900CDD0D2 /* UserDefaultUtility */ = {
			isa = PBXGroup;
			children = (
				68F1BB441B046EE900CDD0D2 /* AppDelegate.h */,
				68F1BB451B046EE900CDD0D2 /* AppDelegate.m */,
				68F1BB471B046EE900CDD0D2 /* Images.xcassets */,
				68F1BB491B046EE900CDD0D2 /* LaunchScreen.xib */,
				68F1BB401B046EE900CDD0D2 /* Supporting Files */,
			);
			path = UserDefaultUtility;
			sourceTree = "<group>";
		};
		68F1BB401B046EE900CDD0D2 /* Supporting Files */ = {
			isa = PBXGroup;
			children = (
				68F1BB411B046EE900CDD0D2 /* Info.plist */,
				68F1BB421B046EE900CDD0D2 /* main.m */,
			);
			name = "Supporting Files";
			sourceTree = "<group>";
		};
		68F1BB531B046EE900CDD0D2 /* UserDefaultUtilityTests */ = {
			isa = PBXGroup;
			children = (
				68F1BB561B046EE900CDD0D2 /* UserDefaultUtilityTests.m */,
				68F1BB541B046EE900CDD0D2 /* Supporting Files */,
			);
			path = UserDefaultUtilityTests;
			sourceTree = "<group>";
		};
		68F1BB541B046EE900CDD0D2 /* Supporting Files */ = {
			isa = PBXGroup;
			children = (
				68F1BB551B046EE900CDD0D2 /* Info.plist */,
			);
			name = "Supporting Files";
			sourceTree = "<group>";
		};
/* End PBXGroup section */

/* Begin PBXNativeTarget section */
		68F1BB3C1B046EE900CDD0D2 /* UserDefaultUtility */ = {
			isa = PBXNativeTarget;
			buildConfigurationList = 68F1BB5A1B046EE900CDD0D2 /* Build configuration list for PBXNativeTarget "UserDefaultUtility" */;
			buildPhases = (
				68F1BB391B046EE900CDD0D2 /* Sources */,
				68F1BB3A1B046EE900CDD0D2 /* Frameworks */,
				68F1BB3B1B046EE900CDD0D2 /* Resources */,
			);
			buildRules = (
			);
			dependencies = (
			);
			name = UserDefaultUtility;
			productName = UserDefaultUtility;
			productReference = 68F1BB3D1B046EE900CDD0D2 /* UserDefaultUtility.app */;
			productType = "com.apple.product-type.application";
		};
		68F1BB4F1B046EE900CDD0D2 /* UserDefaultUtilityTests */ = {
			isa = PBXNativeTarget;
			buildConfigurationList = 68F1BB5D1B046EE900CDD0D2 /* Build configuration list for PBXNativeTarget "UserDefaultUtilityTests" */;
			buildPhases = (
				68F1BB4C1B046EE900CDD0D2 /* Sources */,
				68F1BB4D1B046EE900CDD0D2 /* Frameworks */,
				68F1BB4E1B046EE900CDD0D2 /* Resources */,
			);
			buildRules = (
			);
			dependencies = (
				68F1BB521B046EE900CDD0D2 /* PBXTargetDependency */,
			);
			name = UserDefaultUtilityTests;
			productName = UserDefaultUtilityTests;
			productReference = 68F1BB501B046EE900CDD0D2 /* UserDefaultUtilityTests.xctest */;
			productType = "com.apple.product-type.bundle.unit-test";
		};
/* End PBXNativeTarget section */

/* Begin PBXProject section */
		68F1BB351B046EE900CDD0D2 /* Project object */ = {
			isa = PBXProject;
			attributes = {
				LastUpgradeCheck = 0630;
				ORGANIZATIONNAME = "Wei Han";
				TargetAttributes = {
					68F1BB3C1B046EE900CDD0D2 = {
						CreatedOnToolsVersion = 6.3;
					};
					68F1BB4F1B046EE900CDD0D2 = {
						CreatedOnToolsVersion = 6.3;
						TestTargetID = 68F1BB3C1B046EE900CDD0D2;
					};
				};
			};
			buildConfigurationList = 68F1BB381B046EE900CDD0D2 /* Build configuration list for PBXProject "UserDefaultUtility" */;
			compatibilityVersion = "Xcode 3.2";
			developmentRegion = English;
			hasScannedForEncodings = 0;
			knownRegions = (
				en,
				Base,
			);
			mainGroup = 68F1BB341B046EE900CDD0D2;
			productRefGroup = 68F1BB3E1B046EE900CDD0D2 /* Products */;
			projectDirPath = "";
			projectRoot = "";
			targets = (
				68F1BB3C1B046EE900CDD0D2 /* UserDefaultUtility */,
				68F1BB4F1B046EE900CDD0D2 /* UserDefaultUtilityTests */,
			);
		};
/* End PBXProject section */

/* Begin PBXResourcesBuildPhase section */
		68F1BB3B1B046EE900CDD0D2 /* Resources */ = {
			isa = PBXResourcesBuildPhase;
			buildActionMask = 2147483647;
			files = (
				68F1BB4B1B046EE900CDD0D2 /* LaunchScreen.xib in Resources */,
				68F1BB481B046EE900CDD0D2 /* Images.xcassets in Resources */,
			);
			runOnlyForDeploymentPostprocessing = 0;
		};
		68F1BB4E1B046EE900CDD0D2 /* Resources */ = {
			isa = PBXResourcesBuildPhase;
			buildActionMask = 2147483647;
			files = (
			);
			runOnlyForDeploymentPostprocessing = 0;
		};
/* End PBXResourcesBuildPhase section */

/* Begin PBXSourcesBuildPhase section */
		68F1BB391B046EE900CDD0D2 /* Sources */ = {
			isa = PBXSourcesBuildPhase;
			buildActionMask = 2147483647;
			files = (
				68F1BB461B046EE900CDD0D2 /* AppDelegate.m in Sources */,
				68F1BB431B046EE900CDD0D2 /* main.m in Sources */,
			);
			runOnlyForDeploymentPostprocessing = 0;
		};
		68F1BB4C1B046EE900CDD0D2 /* Sources */ = {
			isa = PBXSourcesBuildPhase;
			buildActionMask = 2147483647;
			files = (
				68F1BB571B046EE900CDD0D2 /* UserDefaultUtilityTests.m in Sources */,
			);
			runOnlyForDeploymentPostprocessing = 0;
		};
/* End PBXSourcesBuildPhase section */

/* Begin PBXTargetDependency section */
		68F1BB521B046EE900CDD0D2 /* PBXTargetDependency */ = {
			isa = PBXTargetDependency;
			target = 68F1BB3C1B046EE900CDD0D2 /* UserDefaultUtility */;
			targetProxy = 68F1BB511B046EE900CDD0D2 /* PBXContainerItemProxy */;
		};
/* End PBXTargetDependency section */

/* Begin PBXVariantGroup section */
		68F1BB491B046EE900CDD0D2 /* LaunchScreen.xib */ = {
			isa = PBXVariantGroup;
			children = (
				68F1BB4A1B046EE900CDD0D2 /* Base */,
			);
			name = LaunchScreen.xib;
			sourceTree = "<group>";
		};
/* End PBXVariantGroup section */

/* Begin XCBuildConfiguration section */
		68F1BB581B046EE900CDD0D2 /* Debug */ = {
			isa = XCBuildConfiguration;
			buildSettings = {
				ALWAYS_SEARCH_USER_PATHS = NO;
				CLANG_CXX_LANGUAGE_STANDARD = "gnu++0x";
				CLANG_CXX_LIBRARY = "libc++";
				CLANG_ENABLE_MODULES = YES;
				CLANG_ENABLE_OBJC_ARC = YES;
				CLANG_WARN_BOOL_CONVERSION = YES;
				CLANG_WARN_CONSTANT_CONVERSION = YES;
				CLANG_WARN_DIRECT_OBJC_ISA_USAGE = YES_ERROR;
				CLANG_WARN_EMPTY_BODY = YES;
				CLANG_WARN_ENUM_CONVERSION = YES;
				CLANG_WARN_INT_CONVERSION = YES;
				CLANG_WARN_OBJC_ROOT_CLASS = YES_ERROR;
				CLANG_WARN_UNREACHABLE_CODE = YES;
				CLANG_WARN__DUPLICATE_METHOD_MATCH = YES;
				"CODE_SIGN_IDENTITY[sdk=iphoneos*]" = "iPhone Developer";
				COPY_PHASE_STRIP = NO;
				DEBUG_INFORMATION_FORMAT = "dwarf-with-dsym";
				ENABLE_STRICT_OBJC_MSGSEND = YES;
				GCC_C_LANGUAGE_STANDARD = gnu99;
				GCC_DYNAMIC_NO_PIC = NO;
				GCC_NO_COMMON_BLOCKS = YES;
				GCC_OPTIMIZATION_LEVEL = 0;
				GCC_PREPROCESSOR_DEFINITIONS = (
					"DEBUG=1",
					"$(inherited)",
				);
				GCC_SYMBOLS_PRIVATE_EXTERN = NO;
				GCC_WARN_64_TO_32_BIT_CONVERSION = YES;
				GCC_WARN_ABOUT_RETURN_TYPE = YES_ERROR;
				GCC_WARN_UNDECLARED_SELECTOR = YES;
				GCC_WARN_UNINITIALIZED_AUTOS = YES_AGGRESSIVE;
				GCC_WARN_UNUSED_FUNCTION = YES;
				GCC_WARN_UNUSED_VARIABLE = YES;
				IPHONEOS_DEPLOYMENT_TARGET = 8.3;
				MTL_ENABLE_DEBUG_INFO = YES;
				ONLY_ACTIVE_ARCH = YES;
				SDKROOT = iphoneos;
				TARGETED_DEVICE_FAMILY = "1,2";
			};
			name = Debug;
		};
		68F1BB591B046EE900CDD0D2 /* Release */ = {
			isa = XCBuildConfiguration;
			buildSettings = {
				ALWAYS_SEARCH_USER_PATHS = NO;
				CLANG_CXX_LANGUAGE_STANDARD = "gnu++0x";
				CLANG_CXX_LIBRARY = "libc++";
				CLANG_ENABLE_MODULES = YES;
				CLANG_ENABLE_OBJC_ARC = YES;
				CLANG_WARN_BOOL_CONVERSION = YES;
				CLANG_WARN_CONSTANT_CONVERSION = YES;
				CLANG_WARN_DIRECT_OBJC_ISA_USAGE = YES_ERROR;
				CLANG_WARN_EMPTY_BODY = YES;
				CLANG_WARN_ENUM_CONVERSION = YES;
				CLANG_WARN_INT_CONVERSION = YES;
				CLANG_WARN_OBJC_ROOT_CLASS = YES_ERROR;
				CLANG_WARN_UNREACHABLE_CODE = YES;
				CLANG_WARN__DUPLICATE_METHOD_MATCH = YES;
				"CODE_SIGN_IDENTITY[sdk=iphoneos*]" = "iPhone Developer";
				COPY_PHASE_STRIP = NO;
				DEBUG_INFORMATION_FORMAT = "dwarf-with-dsym";
				ENABLE_NS_ASSERTIONS = NO;
				ENABLE_STRICT_OBJC_MSGSEND = YES;
				GCC_C_LANGUAGE_STANDARD = gnu99;
				GCC_NO_COMMON_BLOCKS = YES;
				GCC_WARN_64_TO_32_BIT_CONVERSION = YES;
				GCC_WARN_ABOUT_RETURN_TYPE = YES_ERROR;
				GCC_WARN_UNDECLARED_SELECTOR = YES;
				GCC_WARN_UNINITIALIZED_AUTOS = YES_AGGRESSIVE;
				GCC_WARN_UNUSED_FUNCTION = YES;
				GCC_WARN_UNUSED_VARIABLE = YES;
				IPHONEOS_DEPLOYMENT_TARGET = 8.3;
				MTL_ENABLE_DEBUG_INFO = NO;
				SDKROOT = iphoneos;
				TARGETED_DEVICE_FAMILY = "1,2";
				VALIDATE_PRODUCT = YES;
			};
			name = Release;
		};
		68F1BB5B1B046EE900CDD0D2 /* Debug */ = {
			isa = XCBuildConfiguration;
			buildSettings = {
				ASSETCATALOG_COMPILER_APPICON_NAME = AppIcon;
				INFOPLIST_FILE = UserDefaultUtility/Info.plist;
				LD_RUNPATH_SEARCH_PATHS = "$(inherited) @executable_path/Frameworks";
				PRODUCT_NAME = "$(TARGET_NAME)";
			};
			name = Debug;
		};
		68F1BB5C1B046EE900CDD0D2 /* Release */ = {
			isa = XCBuildConfiguration;
			buildSettings = {
				ASSETCATALOG_COMPILER_APPICON_NAME = AppIcon;
				INFOPLIST_FILE = UserDefaultUtility/Info.plist;
				LD_RUNPATH_SEARCH_PATHS = "$(inherited) @executable_path/Frameworks";
				PRODUCT_NAME = "$(TARGET_NAME)";
			};
			name = Release;
		};
		68F1BB5E1B046EE900CDD0D2 /* Debug */ = {
			isa = XCBuildConfiguration;
			buildSettings = {
				BUNDLE_LOADER = "$(TEST_HOST)";
				FRAMEWORK_SEARCH_PATHS = (
					"$(SDKROOT)/Developer/Library/Frameworks",
					"$(inherited)",
				);
				GCC_PREPROCESSOR_DEFINITIONS = (
					"DEBUG=1",
					"$(inherited)",
				);
				INFOPLIST_FILE = UserDefaultUtilityTests/Info.plist;
				LD_RUNPATH_SEARCH_PATHS = "$(inherited) @executable_path/Frameworks @loader_path/Frameworks";
				PRODUCT_NAME = "$(TARGET_NAME)";
				TEST_HOST = "$(BUILT_PRODUCTS_DIR)/UserDefaultUtility.app/UserDefaultUtility";
			};
			name = Debug;
		};
		68F1BB5F1B046EE900CDD0D2 /* Release */ = {
			isa = XCBuildConfiguration;
			buildSettings = {
				BUNDLE_LOADER = "$(TEST_HOST)";
				FRAMEWORK_SEARCH_PATHS = (
					"$(SDKROOT)/Developer/Library/Frameworks",
					"$(inherited)",
				);
				INFOPLIST_FILE = UserDefaultUtilityTests/Info.plist;
				LD_RUNPATH_SEARCH_PATHS = "$(inherited) @executable_path/Frameworks @loader_path/Frameworks";
				PRODUCT_NAME = "$(TARGET_NAME)";
				TEST_HOST = "$(BUILT_PRODUCTS_DIR)/UserDefaultUtility.app/UserDefaultUtility";
			};
			name = Release;
		};
/* End XCBuildConfiguration section */

/* Begin XCConfigurationList section */
		68F1BB381B046EE900CDD0D2 /* Build configuration list for PBXProject "UserDefaultUtility" */ = {
			isa = XCConfigurationList;
			buildConfigurations = (
				68F1BB581B046EE900CDD0D2 /* Debug */,
				68F1BB591B046EE900CDD0D2 /* Release */,
			);
			defaultConfigurationIsVisible = 0;
			defaultConfigurationName = Release;
		};
		68F1BB5A1B046EE900CDD0D2 /* Build configuration list for PBXNativeTarget "UserDefaultUtility" */ = {
			isa = XCConfigurationList;
			buildConfigurations = (
				68F1BB5B1B046EE900CDD0D2 /* Debug */,
				68F1BB5C1B046EE900CDD0D2 /* Release */,
			);
			defaultConfigurationIsVisible = 0;
		};
		68F1BB5D1B046EE900CDD0D2 /* Build configuration list for PBXNativeTarget "UserDefaultUtilityTests" */ = {
			isa = XCConfigurationList;
			buildConfigurations = (
				68F1BB5E1B046EE900CDD0D2 /* Debug */,
				68F1BB5F1B046EE900CDD0D2 /* Release */,
			);
			defaultConfigurationIsVisible = 0;
		};
/* End XCConfigurationList section */
	};
	rootObject = 68F1BB351B046EE900CDD0D2 /* Project object */;
}
